
Microsoft Visual Studio Solution File, Format Version 12.00
# Visual Studio Version 17
VisualStudioVersion = 17.11.35312.102
MinimumVisualStudioVersion = 10.0.40219.1
Project("{FAE04EC0-301F-11D3-BF4B-00C04F79EFBC}") = "TelegramBot", "TelegramBot.csproj", "{6FDE2690-1C66-45CB-9ED5-E8EF0495F054}"
EndProject
Global
	GlobalSection(SolutionConfigurationPlatforms) = preSolution
		Debug|Any CPU = Debug|Any CPU
		Release|Any CPU = Release|Any CPU
	EndGlobalSection
	GlobalSection(ProjectConfigurationPlatforms) = postSolution
		{6FDE2690-1C66-45CB-9ED5-E8EF0495F054}.Debug|Any CPU.ActiveCfg = Debug|Any CPU
		{6FDE2690-1C66-45CB-9ED5-E8EF0495F054}.Debug|Any CPU.Build.0 = Debug|Any CPU
		{6FDE2690-1C66-45CB-9ED5-E8EF0495F054}.Release|Any CPU.ActiveCfg = Release|Any CPU
		{6FDE2690-1C66-45CB-9ED5-E8EF0495F054}.Release|Any CPU.Build.0 = Release|Any CPU
	EndGlobalSection
	GlobalSection(SolutionProperties) = preSolution
		HideSolutionNode = FALSE
	EndGlobalSection
	GlobalSection(ExtensibilityGlobals) = postSolution
		SolutionGuid = {211C03AD-16EC-4BE8-86D8-DBCB9CB63A71}
	EndGlobalSection
EndGlobal
